// !$*UTF8*$!
{
	archiveVersion = 1;
	classes = {
	};
	objectVersion = 46;
	objects = {

/* Begin PBXBuildFile section */
		605852811D4508290042410A /* AppDelegate.swift in Sources */ = {isa = PBXBuildFile; fileRef = 605852801D4508290042410A /* AppDelegate.swift */; };
		605852831D4508290042410A /* ViewController.swift in Sources */ = {isa = PBXBuildFile; fileRef = 605852821D4508290042410A /* ViewController.swift */; };
		605852861D4508290042410A /* Main.storyboard in Resources */ = {isa = PBXBuildFile; fileRef = 605852841D4508290042410A /* Main.storyboard */; };
		605852881D4508290042410A /* Assets.xcassets in Resources */ = {isa = PBXBuildFile; fileRef = 605852871D4508290042410A /* Assets.xcassets */; };
		6058528B1D4508290042410A /* LaunchScreen.storyboard in Resources */ = {isa = PBXBuildFile; fileRef = 605852891D4508290042410A /* LaunchScreen.storyboard */; };
		605852931D4509460042410A /* CustomProgressView.swift in Sources */ = {isa = PBXBuildFile; fileRef = 605852921D4509460042410A /* CustomProgressView.swift */; };
/* End PBXBuildFile section */

/* Begin PBXFileReference section */
		6058527D1D4508280042410A /* CustomLoader.app */ = {isa = PBXFileReference; explicitFileType = wrapper.application; includeInIndex = 0; path = CustomLoader.app; sourceTree = BUILT_PRODUCTS_DIR; };
		605852801D4508290042410A /* AppDelegate.swift */ = {isa = PBXFileReference; lastKnownFileType = sourcecode.swift; path = AppDelegate.swift; sourceTree = "<group>"; };
		605852821D4508290042410A /* ViewController.swift */ = {isa = PBXFileReference; lastKnownFileType = sourcecode.swift; path = ViewController.swift; sourceTree = "<group>"; };
		605852851D4508290042410A /* Base */ = {isa = PBXFileReference; lastKnownFileType = file.storyboard; name = Base; path = Base.lproj/Main.storyboard; sourceTree = "<group>"; };
		605852871D4508290042410A /* Assets.xcassets */ = {isa = PBXFileReference; lastKnownFileType = folder.assetcatalog; path = Assets.xcassets; sourceTree = "<group>"; };
		6058528A1D4508290042410A /* Base */ = {isa = PBXFileReference; lastKnownFileType = file.storyboard; name = Base; path = Base.lproj/LaunchScreen.storyboard; sourceTree = "<group>"; };
		6058528C1D4508290042410A /* Info.plist */ = {isa = PBXFileReference; lastKnownFileType = text.plist.xml; path = Info.plist; sourceTree = "<group>"; };
		605852921D4509460042410A /* CustomProgressView.swift */ = {isa = PBXFileReference; fileEncoding = 4; lastKnownFileType = sourcecode.swift; path = CustomProgressView.swift; sourceTree = "<group>"; };
/* End PBXFileReference section */

/* Begin PBXFrameworksBuildPhase section */
		6058527A1D4508280042410A /* Frameworks */ = {
			isa = PBXFrameworksBuildPhase;
			buildActionMask = 2147483647;
			files = (
			);
			runOnlyForDeploymentPostprocessing = 0;
		};
/* End PBXFrameworksBuildPhase section */

/* Begin PBXGroup section */
		605852741D4508270042410A = {
			isa = PBXGroup;
			children = (
				6058527F1D4508290042410A /* CustomLoader */,
				6058527E1D4508280042410A /* Products */,
			);
			sourceTree = "<group>";
		};
		6058527E1D4508280042410A /* Products */ = {
			isa = PBXGroup;
			children = (
				6058527D1D4508280042410A /* CustomLoader.app */,
			);
			name = Products;
			sourceTree = "<group>";
		};
		6058527F1D4508290042410A /* CustomLoader */ = {
			isa = PBXGroup;
			children = (
				605852801D4508290042410A /* AppDelegate.swift */,
				605852821D4508290042410A /* ViewController.swift */,
				605852921D4509460042410A /* CustomProgressView.swift */,
				605852841D4508290042410A /* Main.storyboard */,
				605852871D4508290042410A /* Assets.xcassets */,
				605852891D4508290042410A /* LaunchScreen.storyboard */,
				6058528C1D4508290042410A /* Info.plist */,
			);
			path = CustomLoader;
			sourceTree = "<group>";
		};
/* End PBXGroup section */

/* Begin PBXNativeTarget section */
		6058527C1D4508280042410A /* CustomLoader */ = {
			isa = PBXNativeTarget;
			buildConfigurationList = 6058528F1D45082A0042410A /* Build configuration list for PBXNativeTarget "CustomLoader" */;
			buildPhases = (
				605852791D4508280042410A /* Sources */,
				6058527A1D4508280042410A /* Frameworks */,
				6058527B1D4508280042410A /* Resources */,
			);
			buildRules = (
			);
			dependencies = (
			);
			name = CustomLoader;
			productName = CustomLoader;
			productReference = 6058527D1D4508280042410A /* CustomLoader.app */;
			productType = "com.apple.product-type.application";
		};
/* End PBXNativeTarget section */

/* Begin PBXProject section */
		605852751D4508270042410A /* Project object */ = {
			isa = PBXProject;
			attributes = {
				LastSwiftUpdateCheck = 0730;
				LastUpgradeCheck = 0730;
				ORGANIZATIONNAME = "CompuCharm Studios";
				TargetAttributes = {
					6058527C1D4508280042410A = {
						CreatedOnToolsVersion = 7.3;
					};
				};
			};
			buildConfigurationList = 605852781D4508270042410A /* Build configuration list for PBXProject "CustomLoader" */;
			compatibilityVersion = "Xcode 3.2";
			developmentRegion = English;
			hasScannedForEncodings = 0;
			knownRegions = (
				en,
				Base,
			);
			mainGroup = 605852741D4508270042410A;
			productRefGroup = 6058527E1D4508280042410A /* Products */;
			projectDirPath = "";
			projectRoot = "";
			targets = (
				6058527C1D4508280042410A /* CustomLoader */,
			);
		};
/* End PBXProject section */

/* Begin PBXResourcesBuildPhase section */
		6058527B1D4508280042410A /* Resources */ = {
			isa = PBXResourcesBuildPhase;
			buildActionMask = 2147483647;
			files = (
				6058528B1D4508290042410A /* LaunchScreen.storyboard in Resources */,
				605852881D4508290042410A /* Assets.xcassets in Resources */,
				605852861D4508290042410A /* Main.storyboard in Resources */,
			);
			runOnlyForDeploymentPostprocessing = 0;
		};
/* End PBXResourcesBuildPhase section */

/* Begin PBXSourcesBuildPhase section */
		605852791D4508280042410A /* Sources */ = {
			isa = PBXSourcesBuildPhase;
			buildActionMask = 2147483647;
			files = (
				605852831D4508290042410A /* ViewController.swift in Sources */,
				605852811D4508290042410A /* AppDelegate.swift in Sources */,
				605852931D4509460042410A /* CustomProgressView.swift in Sources */,
			);
			runOnlyForDeploymentPostprocessing = 0;
		};
/* End PBXSourcesBuildPhase section */

/* Begin PBXVariantGroup section */
		605852841D4508290042410A /* Main.storyboard */ = {
			isa = PBXVariantGroup;
			children = (
				605852851D4508290042410A /* Base */,
			);
			name = Main.storyboard;
			sourceTree = "<group>";
		};
		605852891D4508290042410A /* LaunchScreen.storyboard */ = {
			isa = PBXVariantGroup;
			children = (
				6058528A1D4508290042410A /* Base */,
			);
			name = LaunchScreen.storyboard;
			sourceTree = "<group>";
		};
/* End PBXVariantGroup section */

/* Begin XCBuildConfiguration section */
		6058528D1D4508290042410A /* Debug */ = {
			isa = XCBuildConfiguration;
			buildSettings = {
				ALWAYS_SEARCH_USER_PATHS = NO;
				CLANG_ANALYZER_NONNULL = YES;
				CLANG_CXX_LANGUAGE_STANDARD = "gnu++0x";
				CLANG_CXX_LIBRARY = "libc++";
				CLANG_ENABLE_MODULES = YES;
				CLANG_ENABLE_OBJC_ARC = YES;
				CLANG_WARN_BOOL_CONVERSION = YES;
				CLANG_WARN_CONSTANT_CONVERSION = YES;
				CLANG_WARN_DIRECT_OBJC_ISA_USAGE = YES_ERROR;
				CLANG_WARN_EMPTY_BODY = YES;
				CLANG_WARN_ENUM_CONVERSION = YES;
				CLANG_WARN_INT_CONVERSION = YES;
				CLANG_WARN_OBJC_ROOT_CLASS = YES_ERROR;
				CLANG_WARN_UNREACHABLE_CODE = YES;
				CLANG_WARN__DUPLICATE_METHOD_MATCH = YES;
				"CODE_SIGN_IDENTITY[sdk=iphoneos*]" = "iPhone Developer";
				COPY_PHASE_STRIP = NO;
				DEBUG_INFORMATION_FORMAT = dwarf;
				ENABLE_STRICT_OBJC_MSGSEND = YES;
				ENABLE_TESTABILITY = YES;
				GCC_C_LANGUAGE_STANDARD = gnu99;
				GCC_DYNAMIC_NO_PIC = NO;
				GCC_NO_COMMON_BLOCKS = YES;
				GCC_OPTIMIZATION_LEVEL = 0;
				GCC_PREPROCESSOR_DEFINITIONS = (
					"DEBUG=1",
					"$(inherited)",
				);
				GCC_WARN_64_TO_32_BIT_CONVERSION = YES;
				GCC_WARN_ABOUT_RETURN_TYPE = YES_ERROR;
				GCC_WARN_UNDECLARED_SELECTOR = YES;
				GCC_WARN_UNINITIALIZED_AUTOS = YES_AGGRESSIVE;
				GCC_WARN_UNUSED_FUNCTION = YES;
				GCC_WARN_UNUSED_VARIABLE = YES;
				IPHONEOS_DEPLOYMENT_TARGET = 9.3;
				MTL_ENABLE_DEBUG_INFO = YES;
				ONLY_ACTIVE_ARCH = YES;
				SDKROOT = iphoneos;
				SWIFT_OPTIMIZATION_LEVEL = "-Onone";
			};
			name = Debug;
		};
		6058528E1D4508290042410A /* Release */ = {
			isa = XCBuildConfiguration;
			buildSettings = {
				ALWAYS_SEARCH_USER_PATHS = NO;
				CLANG_ANALYZER_NONNULL = YES;
				CLANG_CXX_LANGUAGE_STANDARD = "gnu++0x";
				CLANG_CXX_LIBRARY = "libc++";
				CLANG_ENABLE_MODULES = YES;
				CLANG_ENABLE_OBJC_ARC = YES;
				CLANG_WARN_BOOL_CONVERSION = YES;
				CLANG_WARN_CONSTANT_CONVERSION = YES;
				CLANG_WARN_DIRECT_OBJC_ISA_USAGE = YES_ERROR;
				CLANG_WARN_EMPTY_BODY = YES;
				CLANG_WARN_ENUM_CONVERSION = YES;
				CLANG_WARN_INT_CONVERSION = YES;
				CLANG_WARN_OBJC_ROOT_CLASS = YES_ERROR;
				CLANG_WARN_UNREACHABLE_CODE = YES;
				CLANG_WARN__DUPLICATE_METHOD_MATCH = YES;
				"CODE_SIGN_IDENTITY[sdk=iphoneos*]" = "iPhone Developer";
				COPY_PHASE_STRIP = NO;
				DEBUG_INFORMATION_FORMAT = "dwarf-with-dsym";
				ENABLE_NS_ASSERTIONS = NO;
				ENABLE_STRICT_OBJC_MSGSEND = YES;
				GCC_C_LANGUAGE_STANDARD = gnu99;
				GCC_NO_COMMON_BLOCKS = YES;
				GCC_WARN_64_TO_32_BIT_CONVERSION = YES;
				GCC_WARN_ABOUT_RETURN_TYPE = YES_ERROR;
				GCC_WARN_UNDECLARED_SELECTOR = YES;
				GCC_WARN_UNINITIALIZED_AUTOS = YES_AGGRESSIVE;
				GCC_WARN_UNUSED_FUNCTION = YES;
				GCC_WARN_UNUSED_VARIABLE = YES;
				IPHONEOS_DEPLOYMENT_TARGET = 9.3;
				MTL_ENABLE_DEBUG_INFO = NO;
				SDKROOT = iphoneos;
				VALIDATE_PRODUCT = YES;
			};
			name = Release;
		};
		605852901D45082A0042410A /* Debug */ = {
			isa = XCBuildConfiguration;
			buildSettings = {
				ASSETCATALOG_COMPILER_APPICON_NAME = AppIcon;
				INFOPLIST_FILE = CustomLoader/Info.plist;
				LD_RUNPATH_SEARCH_PATHS = "$(inherited) @executable_path/Frameworks";
				PRODUCT_BUNDLE_IDENTIFIER = com.compucharm.CustomLoader;
				PRODUCT_NAME = "$(TARGET_NAME)";
			};
			name = Debug;
		};
		605852911D45082A0042410A /* Release */ = {
			isa = XCBuildConfiguration;
			buildSettings = {
				ASSETCATALOG_COMPILER_APPICON_NAME = AppIcon;
				INFOPLIST_FILE = CustomLoader/Info.plist;
				LD_RUNPATH_SEARCH_PATHS = "$(inherited) @executable_path/Frameworks";
				PRODUCT_BUNDLE_IDENTIFIER = com.compucharm.CustomLoader;
				PRODUCT_NAME = "$(TARGET_NAME)";
			};
			name = Release;
		};
/* End XCBuildConfiguration section */

/* Begin XCConfigurationList section */
		605852781D4508270042410A /* Build configuration list for PBXProject "CustomLoader" */ = {
			isa = XCConfigurationList;
			buildConfigurations = (
				6058528D1D4508290042410A /* Debug */,
				6058528E1D4508290042410A /* Release */,
			);
			defaultConfigurationIsVisible = 0;
			defaultConfigurationName = Release;
		};
		6058528F1D45082A0042410A /* Build configuration list for PBXNativeTarget "CustomLoader" */ = {
			isa = XCConfigurationList;
			buildConfigurations = (
				605852901D45082A0042410A /* Debug */,
				605852911D45082A0042410A /* Release */,
			);
			defaultConfigurationIsVisible = 0;
		};
/* End XCConfigurationList section */
	};
	rootObject = 605852751D4508270042410A /* Project object */;
}
